{
  "name": "@nickgraffis/kmeans",
  "version": "1.0.2",
  "lockfileVersion": 1,
  "requires": true,
  "dependencies": {
    "matematik": {
      "version": "1.0.9",
      "resolved": "https://registry.npmjs.org/matematik/-/matematik-1.0.9.tgz",
      "integrity": "sha512-EoZ8hnf10dvEXr58u4qChmlgwk9j8igNNOihrA57VukB4FOU6Kle/9fdN6LddWEGiRRRxMtfhSR1XOxy4e/x/A=="
    }
  }
}
